
Microsoft Visual Studio Solution File, Format Version 12.00
# Visual Studio Version 17
VisualStudioVersion = 17.13.35919.96 d17.13
MinimumVisualStudioVersion = 10.0.40219.1
Project("{FAE04EC0-301F-11D3-BF4B-00C04F79EFBC}") = "PARESAN - Pos", "PARESAN - Pos\PARESAN - Pos.csproj", "{3BE0CCA8-BB0F-4571-B950-D7C95846EEFC}"
EndProject
Global
	GlobalSection(SolutionConfigurationPlatforms) = preSolution
		Debug|Any CPU = Debug|Any CPU
		Release|Any CPU = Release|Any CPU
	EndGlobalSection
	GlobalSection(ProjectConfigurationPlatforms) = postSolution
		{3BE0CCA8-BB0F-4571-B950-D7C95846EEFC}.Debug|Any CPU.ActiveCfg = Debug|Any CPU
		{3BE0CCA8-BB0F-4571-B950-D7C95846EEFC}.Debug|Any CPU.Build.0 = Debug|Any CPU
		{3BE0CCA8-BB0F-4571-B950-D7C95846EEFC}.Release|Any CPU.ActiveCfg = Release|Any CPU
		{3BE0CCA8-BB0F-4571-B950-D7C95846EEFC}.Release|Any CPU.Build.0 = Release|Any CPU
	EndGlobalSection
	GlobalSection(SolutionProperties) = preSolution
		HideSolutionNode = FALSE
	EndGlobalSection
	GlobalSection(ExtensibilityGlobals) = postSolution
		SolutionGuid = {6BEC4D47-C54C-4172-9AEA-D9759D8F47BF}
	EndGlobalSection
EndGlobal
